
Microsoft Visual Studio Solution File, Format Version 12.00
# Visual Studio Version 17
VisualStudioVersion = 17.13.35828.75
MinimumVisualStudioVersion = 10.0.40219.1
Project("{FAE04EC0-301F-11D3-BF4B-00C04F79EFBC}") = "Agregador", "Agredador\Agregador.csproj", "{4DD7B478-413C-8366-5B0E-28DD2A309B55}"
EndProject
Project("{FAE04EC0-301F-11D3-BF4B-00C04F79EFBC}") = "Servidor", "Servidor\Servidor.csproj", "{9064B4AF-78AD-9CDB-C5CC-9241FD512A74}"
EndProject
Project("{FAE04EC0-301F-11D3-BF4B-00C04F79EFBC}") = "Wavy", "Wavy\Wavy.csproj", "{6A64D491-C4D5-52E7-EC22-E9864EC437E8}"
EndProject
Global
	GlobalSection(SolutionConfigurationPlatforms) = preSolution
		Debug|Any CPU = Debug|Any CPU
		Release|Any CPU = Release|Any CPU
	EndGlobalSection
	GlobalSection(ProjectConfigurationPlatforms) = postSolution
		{4DD7B478-413C-8366-5B0E-28DD2A309B55}.Debug|Any CPU.ActiveCfg = Debug|Any CPU
		{4DD7B478-413C-8366-5B0E-28DD2A309B55}.Debug|Any CPU.Build.0 = Debug|Any CPU
		{4DD7B478-413C-8366-5B0E-28DD2A309B55}.Release|Any CPU.ActiveCfg = Release|Any CPU
		{4DD7B478-413C-8366-5B0E-28DD2A309B55}.Release|Any CPU.Build.0 = Release|Any CPU
		{9064B4AF-78AD-9CDB-C5CC-9241FD512A74}.Debug|Any CPU.ActiveCfg = Debug|Any CPU
		{9064B4AF-78AD-9CDB-C5CC-9241FD512A74}.Debug|Any CPU.Build.0 = Debug|Any CPU
		{9064B4AF-78AD-9CDB-C5CC-9241FD512A74}.Release|Any CPU.ActiveCfg = Release|Any CPU
		{9064B4AF-78AD-9CDB-C5CC-9241FD512A74}.Release|Any CPU.Build.0 = Release|Any CPU
		{6A64D491-C4D5-52E7-EC22-E9864EC437E8}.Debug|Any CPU.ActiveCfg = Debug|Any CPU
		{6A64D491-C4D5-52E7-EC22-E9864EC437E8}.Debug|Any CPU.Build.0 = Debug|Any CPU
		{6A64D491-C4D5-52E7-EC22-E9864EC437E8}.Release|Any CPU.ActiveCfg = Release|Any CPU
		{6A64D491-C4D5-52E7-EC22-E9864EC437E8}.Release|Any CPU.Build.0 = Release|Any CPU
	EndGlobalSection
	GlobalSection(SolutionProperties) = preSolution
		HideSolutionNode = FALSE
	EndGlobalSection
	GlobalSection(ExtensibilityGlobals) = postSolution
		SolutionGuid = {BF880C4D-79B5-4C61-BED7-CF114F6FEEAC}
	EndGlobalSection
EndGlobal
