
Microsoft Visual Studio Solution File, Format Version 12.00
# Visual Studio Version 17
VisualStudioVersion = 17.13.35828.75
MinimumVisualStudioVersion = 10.0.40219.1
Project("{FAE04EC0-301F-11D3-BF4B-00C04F79EFBC}") = "Agregador", "Agredador\Agregador.csproj", "{8E9FC11F-0B93-4594-B5D9-7BC2E04A72D9}"
EndProject
Global
	GlobalSection(SolutionConfigurationPlatforms) = preSolution
		Debug|Any CPU = Debug|Any CPU
		Release|Any CPU = Release|Any CPU
	EndGlobalSection
	GlobalSection(ProjectConfigurationPlatforms) = postSolution
		{8E9FC11F-0B93-4594-B5D9-7BC2E04A72D9}.Debug|Any CPU.ActiveCfg = Debug|Any CPU
		{8E9FC11F-0B93-4594-B5D9-7BC2E04A72D9}.Debug|Any CPU.Build.0 = Debug|Any CPU
		{8E9FC11F-0B93-4594-B5D9-7BC2E04A72D9}.Release|Any CPU.ActiveCfg = Release|Any CPU
		{8E9FC11F-0B93-4594-B5D9-7BC2E04A72D9}.Release|Any CPU.Build.0 = Release|Any CPU
	EndGlobalSection
	GlobalSection(SolutionProperties) = preSolution
		HideSolutionNode = FALSE
	EndGlobalSection
	GlobalSection(ExtensibilityGlobals) = postSolution
		SolutionGuid = {3DA8AC33-0202-4A3D-876A-05DD6AA7E260}
	EndGlobalSection
EndGlobal
