
Microsoft Visual Studio Solution File, Format Version 12.00
# Visual Studio Version 17
VisualStudioVersion = 17.13.35828.75 d17.13
MinimumVisualStudioVersion = 10.0.40219.1
Project("{FAE04EC0-301F-11D3-BF4B-00C04F79EFBC}") = "Servidor", "Servidor\Servidor.csproj", "{F19AB90B-F57E-43BA-A70D-0694FD1D904C}"
EndProject
Global
	GlobalSection(SolutionConfigurationPlatforms) = preSolution
		Debug|Any CPU = Debug|Any CPU
		Release|Any CPU = Release|Any CPU
	EndGlobalSection
	GlobalSection(ProjectConfigurationPlatforms) = postSolution
		{F19AB90B-F57E-43BA-A70D-0694FD1D904C}.Debug|Any CPU.ActiveCfg = Debug|Any CPU
		{F19AB90B-F57E-43BA-A70D-0694FD1D904C}.Debug|Any CPU.Build.0 = Debug|Any CPU
		{F19AB90B-F57E-43BA-A70D-0694FD1D904C}.Release|Any CPU.ActiveCfg = Release|Any CPU
		{F19AB90B-F57E-43BA-A70D-0694FD1D904C}.Release|Any CPU.Build.0 = Release|Any CPU
	EndGlobalSection
	GlobalSection(SolutionProperties) = preSolution
		HideSolutionNode = FALSE
	EndGlobalSection
	GlobalSection(ExtensibilityGlobals) = postSolution
		SolutionGuid = {F7DDEB33-7229-4F99-9D6E-2B5C1528A37A}
	EndGlobalSection
EndGlobal
